// !$*UTF8*$!
{
	archiveVersion = 1;
	classes = {
	};
	objectVersion = 50;
	objects = {

/* Begin PBXBuildFile section */
		5B2DE0C82652703500209A8F /* AppDelegate.swift in Sources */ = {isa = PBXBuildFile; fileRef = 5B2DE0C72652703500209A8F /* AppDelegate.swift */; };
		5B2DE0CA2652703500209A8F /* SceneDelegate.swift in Sources */ = {isa = PBXBuildFile; fileRef = 5B2DE0C92652703500209A8F /* SceneDelegate.swift */; };
		5B2DE0CC2652703500209A8F /* ViewController.swift in Sources */ = {isa = PBXBuildFile; fileRef = 5B2DE0CB2652703500209A8F /* ViewController.swift */; };
		5B2DE0CF2652703500209A8F /* Main.storyboard in Resources */ = {isa = PBXBuildFile; fileRef = 5B2DE0CD2652703500209A8F /* Main.storyboard */; };
		5B2DE0D12652703700209A8F /* Assets.xcassets in Resources */ = {isa = PBXBuildFile; fileRef = 5B2DE0D02652703700209A8F /* Assets.xcassets */; };
		5B2DE0D42652703700209A8F /* LaunchScreen.storyboard in Resources */ = {isa = PBXBuildFile; fileRef = 5B2DE0D22652703700209A8F /* LaunchScreen.storyboard */; };
		5B2DE0E12652711600209A8F /* NetworkManager.swift in Sources */ = {isa = PBXBuildFile; fileRef = 5B2DE0E02652711600209A8F /* NetworkManager.swift */; };
		5B2DE0E32652744500209A8F /* Weather.swift in Sources */ = {isa = PBXBuildFile; fileRef = 5B2DE0E22652744500209A8F /* Weather.swift */; };
		5B622223265301940092D011 /* button.swift in Sources */ = {isa = PBXBuildFile; fileRef = 5B622222265301940092D011 /* button.swift */; };
/* End PBXBuildFile section */

/* Begin PBXFileReference section */
		5B2DE0C42652703500209A8F /* CurrentWeatherApp.app */ = {isa = PBXFileReference; explicitFileType = wrapper.application; includeInIndex = 0; path = CurrentWeatherApp.app; sourceTree = BUILT_PRODUCTS_DIR; };
		5B2DE0C72652703500209A8F /* AppDelegate.swift */ = {isa = PBXFileReference; lastKnownFileType = sourcecode.swift; path = AppDelegate.swift; sourceTree = "<group>"; };
		5B2DE0C92652703500209A8F /* SceneDelegate.swift */ = {isa = PBXFileReference; lastKnownFileType = sourcecode.swift; path = SceneDelegate.swift; sourceTree = "<group>"; };
		5B2DE0CB2652703500209A8F /* ViewController.swift */ = {isa = PBXFileReference; lastKnownFileType = sourcecode.swift; path = ViewController.swift; sourceTree = "<group>"; };
		5B2DE0CE2652703500209A8F /* Base */ = {isa = PBXFileReference; lastKnownFileType = file.storyboard; name = Base; path = Base.lproj/Main.storyboard; sourceTree = "<group>"; };
		5B2DE0D02652703700209A8F /* Assets.xcassets */ = {isa = PBXFileReference; lastKnownFileType = folder.assetcatalog; path = Assets.xcassets; sourceTree = "<group>"; };
		5B2DE0D32652703700209A8F /* Base */ = {isa = PBXFileReference; lastKnownFileType = file.storyboard; name = Base; path = Base.lproj/LaunchScreen.storyboard; sourceTree = "<group>"; };
		5B2DE0D52652703700209A8F /* Info.plist */ = {isa = PBXFileReference; lastKnownFileType = text.plist.xml; path = Info.plist; sourceTree = "<group>"; };
		5B2DE0E02652711600209A8F /* NetworkManager.swift */ = {isa = PBXFileReference; lastKnownFileType = sourcecode.swift; path = NetworkManager.swift; sourceTree = "<group>"; };
		5B2DE0E22652744500209A8F /* Weather.swift */ = {isa = PBXFileReference; lastKnownFileType = sourcecode.swift; path = Weather.swift; sourceTree = "<group>"; };
		5B622222265301940092D011 /* button.swift */ = {isa = PBXFileReference; lastKnownFileType = sourcecode.swift; path = button.swift; sourceTree = "<group>"; };
/* End PBXFileReference section */

/* Begin PBXFrameworksBuildPhase section */
		5B2DE0C12652703500209A8F /* Frameworks */ = {
			isa = PBXFrameworksBuildPhase;
			buildActionMask = 2147483647;
			files = (
			);
			runOnlyForDeploymentPostprocessing = 0;
		};
/* End PBXFrameworksBuildPhase section */

/* Begin PBXGroup section */
		5B2DE0BB2652703500209A8F = {
			isa = PBXGroup;
			children = (
				5B2DE0C62652703500209A8F /* CurrentWeatherApp */,
				5B2DE0C52652703500209A8F /* Products */,
			);
			sourceTree = "<group>";
		};
		5B2DE0C52652703500209A8F /* Products */ = {
			isa = PBXGroup;
			children = (
				5B2DE0C42652703500209A8F /* CurrentWeatherApp.app */,
			);
			name = Products;
			sourceTree = "<group>";
		};
		5B2DE0C62652703500209A8F /* CurrentWeatherApp */ = {
			isa = PBXGroup;
			children = (
				5B2DE0DF2652708B00209A8F /* SupportingFiles */,
				5B2DE0DE2652708300209A8F /* NetworkManager */,
				5B2DE0DC2652705D00209A8F /* Model */,
				5B2DE0DB2652705900209A8F /* View */,
				5B2DE0DD2652707F00209A8F /* Controllers */,
			);
			path = CurrentWeatherApp;
			sourceTree = "<group>";
		};
		5B2DE0DB2652705900209A8F /* View */ = {
			isa = PBXGroup;
			children = (
				5B2DE0CD2652703500209A8F /* Main.storyboard */,
				5B2DE0D22652703700209A8F /* LaunchScreen.storyboard */,
				5B622222265301940092D011 /* button.swift */,
			);
			path = View;
			sourceTree = "<group>";
		};
		5B2DE0DC2652705D00209A8F /* Model */ = {
			isa = PBXGroup;
			children = (
				5B2DE0E22652744500209A8F /* Weather.swift */,
			);
			path = Model;
			sourceTree = "<group>";
		};
		5B2DE0DD2652707F00209A8F /* Controllers */ = {
			isa = PBXGroup;
			children = (
				5B2DE0CB2652703500209A8F /* ViewController.swift */,
			);
			path = Controllers;
			sourceTree = "<group>";
		};
		5B2DE0DE2652708300209A8F /* NetworkManager */ = {
			isa = PBXGroup;
			children = (
				5B2DE0E02652711600209A8F /* NetworkManager.swift */,
			);
			path = NetworkManager;
			sourceTree = "<group>";
		};
		5B2DE0DF2652708B00209A8F /* SupportingFiles */ = {
			isa = PBXGroup;
			children = (
				5B2DE0C72652703500209A8F /* AppDelegate.swift */,
				5B2DE0C92652703500209A8F /* SceneDelegate.swift */,
				5B2DE0D02652703700209A8F /* Assets.xcassets */,
				5B2DE0D52652703700209A8F /* Info.plist */,
			);
			path = SupportingFiles;
			sourceTree = "<group>";
		};
/* End PBXGroup section */

/* Begin PBXNativeTarget section */
		5B2DE0C32652703500209A8F /* CurrentWeatherApp */ = {
			isa = PBXNativeTarget;
			buildConfigurationList = 5B2DE0D82652703700209A8F /* Build configuration list for PBXNativeTarget "CurrentWeatherApp" */;
			buildPhases = (
				5B2DE0C02652703500209A8F /* Sources */,
				5B2DE0C12652703500209A8F /* Frameworks */,
				5B2DE0C22652703500209A8F /* Resources */,
			);
			buildRules = (
			);
			dependencies = (
			);
			name = CurrentWeatherApp;
			productName = CurrentWeatherApp;
			productReference = 5B2DE0C42652703500209A8F /* CurrentWeatherApp.app */;
			productType = "com.apple.product-type.application";
		};
/* End PBXNativeTarget section */

/* Begin PBXProject section */
		5B2DE0BC2652703500209A8F /* Project object */ = {
			isa = PBXProject;
			attributes = {
				LastSwiftUpdateCheck = 1250;
				LastUpgradeCheck = 1250;
				TargetAttributes = {
					5B2DE0C32652703500209A8F = {
						CreatedOnToolsVersion = 12.5;
					};
				};
			};
			buildConfigurationList = 5B2DE0BF2652703500209A8F /* Build configuration list for PBXProject "CurrentWeatherApp" */;
			compatibilityVersion = "Xcode 9.3";
			developmentRegion = en;
			hasScannedForEncodings = 0;
			knownRegions = (
				en,
				Base,
			);
			mainGroup = 5B2DE0BB2652703500209A8F;
			productRefGroup = 5B2DE0C52652703500209A8F /* Products */;
			projectDirPath = "";
			projectRoot = "";
			targets = (
				5B2DE0C32652703500209A8F /* CurrentWeatherApp */,
			);
		};
/* End PBXProject section */

/* Begin PBXResourcesBuildPhase section */
		5B2DE0C22652703500209A8F /* Resources */ = {
			isa = PBXResourcesBuildPhase;
			buildActionMask = 2147483647;
			files = (
				5B2DE0D42652703700209A8F /* LaunchScreen.storyboard in Resources */,
				5B2DE0D12652703700209A8F /* Assets.xcassets in Resources */,
				5B2DE0CF2652703500209A8F /* Main.storyboard in Resources */,
			);
			runOnlyForDeploymentPostprocessing = 0;
		};
/* End PBXResourcesBuildPhase section */

/* Begin PBXSourcesBuildPhase section */
		5B2DE0C02652703500209A8F /* Sources */ = {
			isa = PBXSourcesBuildPhase;
			buildActionMask = 2147483647;
			files = (
				5B2DE0E12652711600209A8F /* NetworkManager.swift in Sources */,
				5B2DE0CC2652703500209A8F /* ViewController.swift in Sources */,
				5B2DE0C82652703500209A8F /* AppDelegate.swift in Sources */,
				5B2DE0CA2652703500209A8F /* SceneDelegate.swift in Sources */,
				5B2DE0E32652744500209A8F /* Weather.swift in Sources */,
				5B622223265301940092D011 /* button.swift in Sources */,
			);
			runOnlyForDeploymentPostprocessing = 0;
		};
/* End PBXSourcesBuildPhase section */

/* Begin PBXVariantGroup section */
		5B2DE0CD2652703500209A8F /* Main.storyboard */ = {
			isa = PBXVariantGroup;
			children = (
				5B2DE0CE2652703500209A8F /* Base */,
			);
			name = Main.storyboard;
			sourceTree = "<group>";
		};
		5B2DE0D22652703700209A8F /* LaunchScreen.storyboard */ = {
			isa = PBXVariantGroup;
			children = (
				5B2DE0D32652703700209A8F /* Base */,
			);
			name = LaunchScreen.storyboard;
			sourceTree = "<group>";
		};
/* End PBXVariantGroup section */

/* Begin XCBuildConfiguration section */
		5B2DE0D62652703700209A8F /* Debug */ = {
			isa = XCBuildConfiguration;
			buildSettings = {
				ALWAYS_SEARCH_USER_PATHS = NO;
				CLANG_ANALYZER_NONNULL = YES;
				CLANG_ANALYZER_NUMBER_OBJECT_CONVERSION = YES_AGGRESSIVE;
				CLANG_CXX_LANGUAGE_STANDARD = "gnu++14";
				CLANG_CXX_LIBRARY = "libc++";
				CLANG_ENABLE_MODULES = YES;
				CLANG_ENABLE_OBJC_ARC = YES;
				CLANG_ENABLE_OBJC_WEAK = YES;
				CLANG_WARN_BLOCK_CAPTURE_AUTORELEASING = YES;
				CLANG_WARN_BOOL_CONVERSION = YES;
				CLANG_WARN_COMMA = YES;
				CLANG_WARN_CONSTANT_CONVERSION = YES;
				CLANG_WARN_DEPRECATED_OBJC_IMPLEMENTATIONS = YES;
				CLANG_WARN_DIRECT_OBJC_ISA_USAGE = YES_ERROR;
				CLANG_WARN_DOCUMENTATION_COMMENTS = YES;
				CLANG_WARN_EMPTY_BODY = YES;
				CLANG_WARN_ENUM_CONVERSION = YES;
				CLANG_WARN_INFINITE_RECURSION = YES;
				CLANG_WARN_INT_CONVERSION = YES;
				CLANG_WARN_NON_LITERAL_NULL_CONVERSION = YES;
				CLANG_WARN_OBJC_IMPLICIT_RETAIN_SELF = YES;
				CLANG_WARN_OBJC_LITERAL_CONVERSION = YES;
				CLANG_WARN_OBJC_ROOT_CLASS = YES_ERROR;
				CLANG_WARN_QUOTED_INCLUDE_IN_FRAMEWORK_HEADER = YES;
				CLANG_WARN_RANGE_LOOP_ANALYSIS = YES;
				CLANG_WARN_STRICT_PROTOTYPES = YES;
				CLANG_WARN_SUSPICIOUS_MOVE = YES;
				CLANG_WARN_UNGUARDED_AVAILABILITY = YES_AGGRESSIVE;
				CLANG_WARN_UNREACHABLE_CODE = YES;
				CLANG_WARN__DUPLICATE_METHOD_MATCH = YES;
				COPY_PHASE_STRIP = NO;
				DEBUG_INFORMATION_FORMAT = dwarf;
				ENABLE_STRICT_OBJC_MSGSEND = YES;
				ENABLE_TESTABILITY = YES;
				GCC_C_LANGUAGE_STANDARD = gnu11;
				GCC_DYNAMIC_NO_PIC = NO;
				GCC_NO_COMMON_BLOCKS = YES;
				GCC_OPTIMIZATION_LEVEL = 0;
				GCC_PREPROCESSOR_DEFINITIONS = (
					"DEBUG=1",
					"$(inherited)",
				);
				GCC_WARN_64_TO_32_BIT_CONVERSION = YES;
				GCC_WARN_ABOUT_RETURN_TYPE = YES_ERROR;
				GCC_WARN_UNDECLARED_SELECTOR = YES;
				GCC_WARN_UNINITIALIZED_AUTOS = YES_AGGRESSIVE;
				GCC_WARN_UNUSED_FUNCTION = YES;
				GCC_WARN_UNUSED_VARIABLE = YES;
				IPHONEOS_DEPLOYMENT_TARGET = 14.5;
				MTL_ENABLE_DEBUG_INFO = INCLUDE_SOURCE;
				MTL_FAST_MATH = YES;
				ONLY_ACTIVE_ARCH = YES;
				SDKROOT = iphoneos;
				SWIFT_ACTIVE_COMPILATION_CONDITIONS = DEBUG;
				SWIFT_OPTIMIZATION_LEVEL = "-Onone";
			};
			name = Debug;
		};
		5B2DE0D72652703700209A8F /* Release */ = {
			isa = XCBuildConfiguration;
			buildSettings = {
				ALWAYS_SEARCH_USER_PATHS = NO;
				CLANG_ANALYZER_NONNULL = YES;
				CLANG_ANALYZER_NUMBER_OBJECT_CONVERSION = YES_AGGRESSIVE;
				CLANG_CXX_LANGUAGE_STANDARD = "gnu++14";
				CLANG_CXX_LIBRARY = "libc++";
				CLANG_ENABLE_MODULES = YES;
				CLANG_ENABLE_OBJC_ARC = YES;
				CLANG_ENABLE_OBJC_WEAK = YES;
				CLANG_WARN_BLOCK_CAPTURE_AUTORELEASING = YES;
				CLANG_WARN_BOOL_CONVERSION = YES;
				CLANG_WARN_COMMA = YES;
				CLANG_WARN_CONSTANT_CONVERSION = YES;
				CLANG_WARN_DEPRECATED_OBJC_IMPLEMENTATIONS = YES;
				CLANG_WARN_DIRECT_OBJC_ISA_USAGE = YES_ERROR;
				CLANG_WARN_DOCUMENTATION_COMMENTS = YES;
				CLANG_WARN_EMPTY_BODY = YES;
				CLANG_WARN_ENUM_CONVERSION = YES;
				CLANG_WARN_INFINITE_RECURSION = YES;
				CLANG_WARN_INT_CONVERSION = YES;
				CLANG_WARN_NON_LITERAL_NULL_CONVERSION = YES;
				CLANG_WARN_OBJC_IMPLICIT_RETAIN_SELF = YES;
				CLANG_WARN_OBJC_LITERAL_CONVERSION = YES;
				CLANG_WARN_OBJC_ROOT_CLASS = YES_ERROR;
				CLANG_WARN_QUOTED_INCLUDE_IN_FRAMEWORK_HEADER = YES;
				CLANG_WARN_RANGE_LOOP_ANALYSIS = YES;
				CLANG_WARN_STRICT_PROTOTYPES = YES;
				CLANG_WARN_SUSPICIOUS_MOVE = YES;
				CLANG_WARN_UNGUARDED_AVAILABILITY = YES_AGGRESSIVE;
				CLANG_WARN_UNREACHABLE_CODE = YES;
				CLANG_WARN__DUPLICATE_METHOD_MATCH = YES;
				COPY_PHASE_STRIP = NO;
				DEBUG_INFORMATION_FORMAT = "dwarf-with-dsym";
				ENABLE_NS_ASSERTIONS = NO;
				ENABLE_STRICT_OBJC_MSGSEND = YES;
				GCC_C_LANGUAGE_STANDARD = gnu11;
				GCC_NO_COMMON_BLOCKS = YES;
				GCC_WARN_64_TO_32_BIT_CONVERSION = YES;
				GCC_WARN_ABOUT_RETURN_TYPE = YES_ERROR;
				GCC_WARN_UNDECLARED_SELECTOR = YES;
				GCC_WARN_UNINITIALIZED_AUTOS = YES_AGGRESSIVE;
				GCC_WARN_UNUSED_FUNCTION = YES;
				GCC_WARN_UNUSED_VARIABLE = YES;
				IPHONEOS_DEPLOYMENT_TARGET = 14.5;
				MTL_ENABLE_DEBUG_INFO = NO;
				MTL_FAST_MATH = YES;
				SDKROOT = iphoneos;
				SWIFT_COMPILATION_MODE = wholemodule;
				SWIFT_OPTIMIZATION_LEVEL = "-O";
				VALIDATE_PRODUCT = YES;
			};
			name = Release;
		};
		5B2DE0D92652703700209A8F /* Debug */ = {
			isa = XCBuildConfiguration;
			buildSettings = {
				ASSETCATALOG_COMPILER_APPICON_NAME = AppIcon;
				ASSETCATALOG_COMPILER_GLOBAL_ACCENT_COLOR_NAME = AccentColor;
				CODE_SIGN_STYLE = Automatic;
				DEVELOPMENT_TEAM = 6883A883Q2;
				INFOPLIST_FILE = CurrentWeatherApp/SupportingFiles/Info.plist;
				LD_RUNPATH_SEARCH_PATHS = (
					"$(inherited)",
					"@executable_path/Frameworks",
				);
				PRODUCT_BUNDLE_IDENTIFIER = com.DmitriyGolovin.CurrentWeatherApp;
				PRODUCT_NAME = "$(TARGET_NAME)";
				SWIFT_VERSION = 5.0;
				TARGETED_DEVICE_FAMILY = "1,2";
			};
			name = Debug;
		};
		5B2DE0DA2652703700209A8F /* Release */ = {
			isa = XCBuildConfiguration;
			buildSettings = {
				ASSETCATALOG_COMPILER_APPICON_NAME = AppIcon;
				ASSETCATALOG_COMPILER_GLOBAL_ACCENT_COLOR_NAME = AccentColor;
				CODE_SIGN_STYLE = Automatic;
				DEVELOPMENT_TEAM = 6883A883Q2;
				INFOPLIST_FILE = CurrentWeatherApp/SupportingFiles/Info.plist;
				LD_RUNPATH_SEARCH_PATHS = (
					"$(inherited)",
					"@executable_path/Frameworks",
				);
				PRODUCT_BUNDLE_IDENTIFIER = com.DmitriyGolovin.CurrentWeatherApp;
				PRODUCT_NAME = "$(TARGET_NAME)";
				SWIFT_VERSION = 5.0;
				TARGETED_DEVICE_FAMILY = "1,2";
			};
			name = Release;
		};
/* End XCBuildConfiguration section */

/* Begin XCConfigurationList section */
		5B2DE0BF2652703500209A8F /* Build configuration list for PBXProject "CurrentWeatherApp" */ = {
			isa = XCConfigurationList;
			buildConfigurations = (
				5B2DE0D62652703700209A8F /* Debug */,
				5B2DE0D72652703700209A8F /* Release */,
			);
			defaultConfigurationIsVisible = 0;
			defaultConfigurationName = Release;
		};
		5B2DE0D82652703700209A8F /* Build configuration list for PBXNativeTarget "CurrentWeatherApp" */ = {
			isa = XCConfigurationList;
			buildConfigurations = (
				5B2DE0D92652703700209A8F /* Debug */,
				5B2DE0DA2652703700209A8F /* Release */,
			);
			defaultConfigurationIsVisible = 0;
			defaultConfigurationName = Release;
		};
/* End XCConfigurationList section */
	};
	rootObject = 5B2DE0BC2652703500209A8F /* Project object */;
}
